
Microsoft Visual Studio Solution File, Format Version 12.00
# Visual Studio Version 17
VisualStudioVersion = 17.14.36603.0 d17.14
MinimumVisualStudioVersion = 10.0.40219.1
Project("{FAE04EC0-301F-11D3-BF4B-00C04F79EFBC}") = "MathUtilitiesTestApp", "MathUtilitiesTestApp\MathUtilitiesTestApp.csproj", "{7FDFA333-ACE9-4FD7-BD65-B3D10904B358}"
EndProject
Project("{FAE04EC0-301F-11D3-BF4B-00C04F79EFBC}") = "MathUtilities", "MathUtilities\MathUtilities.csproj", "{91443D41-D5B5-4B6D-8201-3E3860C64977}"
EndProject
Global
	GlobalSection(SolutionConfigurationPlatforms) = preSolution
		Debug|Any CPU = Debug|Any CPU
		Release|Any CPU = Release|Any CPU
	EndGlobalSection
	GlobalSection(ProjectConfigurationPlatforms) = postSolution
		{7FDFA333-ACE9-4FD7-BD65-B3D10904B358}.Debug|Any CPU.ActiveCfg = Debug|Any CPU
		{7FDFA333-ACE9-4FD7-BD65-B3D10904B358}.Debug|Any CPU.Build.0 = Debug|Any CPU
		{7FDFA333-ACE9-4FD7-BD65-B3D10904B358}.Release|Any CPU.ActiveCfg = Release|Any CPU
		{7FDFA333-ACE9-4FD7-BD65-B3D10904B358}.Release|Any CPU.Build.0 = Release|Any CPU
		{91443D41-D5B5-4B6D-8201-3E3860C64977}.Debug|Any CPU.ActiveCfg = Debug|Any CPU
		{91443D41-D5B5-4B6D-8201-3E3860C64977}.Debug|Any CPU.Build.0 = Debug|Any CPU
		{91443D41-D5B5-4B6D-8201-3E3860C64977}.Release|Any CPU.ActiveCfg = Release|Any CPU
		{91443D41-D5B5-4B6D-8201-3E3860C64977}.Release|Any CPU.Build.0 = Release|Any CPU
	EndGlobalSection
	GlobalSection(SolutionProperties) = preSolution
		HideSolutionNode = FALSE
	EndGlobalSection
	GlobalSection(ExtensibilityGlobals) = postSolution
		SolutionGuid = {002B9BA7-BF82-4C60-A372-18F8C633D015}
	EndGlobalSection
EndGlobal
