
Microsoft Visual Studio Solution File, Format Version 12.00
# Visual Studio Version 17
VisualStudioVersion = 17.14.36603.0 d17.14
MinimumVisualStudioVersion = 10.0.40219.1
Project("{FAE04EC0-301F-11D3-BF4B-00C04F79EFBC}") = "TwoLibrariesWithSameClassName", "TwoLibrariesWithSameClassName\TwoLibrariesWithSameClassName.csproj", "{5C26A417-BBCA-46B3-BF33-29E23E1B2F09}"
EndProject
Global
	GlobalSection(SolutionConfigurationPlatforms) = preSolution
		Debug|Any CPU = Debug|Any CPU
		Release|Any CPU = Release|Any CPU
	EndGlobalSection
	GlobalSection(ProjectConfigurationPlatforms) = postSolution
		{5C26A417-BBCA-46B3-BF33-29E23E1B2F09}.Debug|Any CPU.ActiveCfg = Debug|Any CPU
		{5C26A417-BBCA-46B3-BF33-29E23E1B2F09}.Debug|Any CPU.Build.0 = Debug|Any CPU
		{5C26A417-BBCA-46B3-BF33-29E23E1B2F09}.Release|Any CPU.ActiveCfg = Release|Any CPU
		{5C26A417-BBCA-46B3-BF33-29E23E1B2F09}.Release|Any CPU.Build.0 = Release|Any CPU
	EndGlobalSection
	GlobalSection(SolutionProperties) = preSolution
		HideSolutionNode = FALSE
	EndGlobalSection
	GlobalSection(ExtensibilityGlobals) = postSolution
		SolutionGuid = {1C38E969-1252-4FDD-A991-6ED7E0141C6C}
	EndGlobalSection
EndGlobal
